// !$*UTF8*$!
{
	archiveVersion = 1;
	classes = {
	};
	objectVersion = 50;
	objects = {

/* Begin PBXBuildFile section */
		2747CDEE2125F007004BA76F /* AppDelegate.swift in Sources */ = {isa = PBXBuildFile; fileRef = 2747CDED2125F007004BA76F /* AppDelegate.swift */; };
		2747CDF02125F009004BA76F /* Assets.xcassets in Resources */ = {isa = PBXBuildFile; fileRef = 2747CDEF2125F009004BA76F /* Assets.xcassets */; };
		2747CDF32125F009004BA76F /* MainMenu.xib in Resources */ = {isa = PBXBuildFile; fileRef = 2747CDF12125F009004BA76F /* MainMenu.xib */; };
		2747CE022125F17B004BA76F /* Cocoa.framework in Frameworks */ = {isa = PBXBuildFile; fileRef = 2747CE012125F17B004BA76F /* Cocoa.framework */; };
		2747CE052125F17B004BA76F /* SourceEditorExtension.swift in Sources */ = {isa = PBXBuildFile; fileRef = 2747CE042125F17B004BA76F /* SourceEditorExtension.swift */; };
		2747CE072125F17B004BA76F /* SourceEditorCommand.swift in Sources */ = {isa = PBXBuildFile; fileRef = 2747CE062125F17B004BA76F /* SourceEditorCommand.swift */; };
		2747CE0C2125F17B004BA76F /* XCSmartCutCopyPasteExtension.appex in Embed App Extensions */ = {isa = PBXBuildFile; fileRef = 2747CDFF2125F17B004BA76F /* XCSmartCutCopyPasteExtension.appex */; settings = {ATTRIBUTES = (RemoveHeadersOnCopy, ); }; };
		2747CE192125FBA6004BA76F /* Common.swift in Sources */ = {isa = PBXBuildFile; fileRef = 2747CE172125FBA6004BA76F /* Common.swift */; };
		2747CE1B2125FBCB004BA76F /* StringUtil.swift in Sources */ = {isa = PBXBuildFile; fileRef = 2747CE1A2125FBCB004BA76F /* StringUtil.swift */; };
		2747CE1F2125FC07004BA76F /* README.md in Resources */ = {isa = PBXBuildFile; fileRef = 2747CE1D2125FC07004BA76F /* README.md */; };
		2747CE3B21260EB8004BA76F /* XCSmartCutCopyPaste.kmmacros in Resources */ = {isa = PBXBuildFile; fileRef = 2747CE3A21260EB8004BA76F /* XCSmartCutCopyPaste.kmmacros */; };
		27617984212B9D1700E1354E /* GreenCheckmark.png in Resources */ = {isa = PBXBuildFile; fileRef = 27617983212B9D1700E1354E /* GreenCheckmark.png */; };
/* End PBXBuildFile section */

/* Begin PBXContainerItemProxy section */
		2747CE0A2125F17B004BA76F /* PBXContainerItemProxy */ = {
			isa = PBXContainerItemProxy;
			containerPortal = 2747CDE22125F007004BA76F /* Project object */;
			proxyType = 1;
			remoteGlobalIDString = 2747CDFE2125F17B004BA76F;
			remoteInfo = XCSmartCutCopyPasteExtension;
		};
/* End PBXContainerItemProxy section */

/* Begin PBXCopyFilesBuildPhase section */
		2747CE102125F17B004BA76F /* Embed App Extensions */ = {
			isa = PBXCopyFilesBuildPhase;
			buildActionMask = 2147483647;
			dstPath = "";
			dstSubfolderSpec = 13;
			files = (
				2747CE0C2125F17B004BA76F /* XCSmartCutCopyPasteExtension.appex in Embed App Extensions */,
			);
			name = "Embed App Extensions";
			runOnlyForDeploymentPostprocessing = 0;
		};
/* End PBXCopyFilesBuildPhase section */

/* Begin PBXFileReference section */
		2747CDEA2125F007004BA76F /* XCSmartCutCopyPaste.app */ = {isa = PBXFileReference; explicitFileType = wrapper.application; includeInIndex = 0; path = XCSmartCutCopyPaste.app; sourceTree = BUILT_PRODUCTS_DIR; };
		2747CDED2125F007004BA76F /* AppDelegate.swift */ = {isa = PBXFileReference; lastKnownFileType = sourcecode.swift; path = AppDelegate.swift; sourceTree = "<group>"; };
		2747CDEF2125F009004BA76F /* Assets.xcassets */ = {isa = PBXFileReference; lastKnownFileType = folder.assetcatalog; path = Assets.xcassets; sourceTree = "<group>"; };
		2747CDF22125F009004BA76F /* Base */ = {isa = PBXFileReference; lastKnownFileType = file.xib; name = Base; path = Base.lproj/MainMenu.xib; sourceTree = "<group>"; };
		2747CDF42125F009004BA76F /* Info.plist */ = {isa = PBXFileReference; lastKnownFileType = text.plist.xml; path = Info.plist; sourceTree = "<group>"; };
		2747CDF52125F009004BA76F /* XCSmartCutCopyPaste.entitlements */ = {isa = PBXFileReference; lastKnownFileType = text.plist.entitlements; path = XCSmartCutCopyPaste.entitlements; sourceTree = "<group>"; };
		2747CDFF2125F17B004BA76F /* XCSmartCutCopyPasteExtension.appex */ = {isa = PBXFileReference; explicitFileType = "wrapper.app-extension"; includeInIndex = 0; path = XCSmartCutCopyPasteExtension.appex; sourceTree = BUILT_PRODUCTS_DIR; };
		2747CE012125F17B004BA76F /* Cocoa.framework */ = {isa = PBXFileReference; lastKnownFileType = wrapper.framework; name = Cocoa.framework; path = System/Library/Frameworks/Cocoa.framework; sourceTree = SDKROOT; };
		2747CE042125F17B004BA76F /* SourceEditorExtension.swift */ = {isa = PBXFileReference; lastKnownFileType = sourcecode.swift; path = SourceEditorExtension.swift; sourceTree = "<group>"; };
		2747CE062125F17B004BA76F /* SourceEditorCommand.swift */ = {isa = PBXFileReference; lastKnownFileType = sourcecode.swift; path = SourceEditorCommand.swift; sourceTree = "<group>"; };
		2747CE082125F17B004BA76F /* Info.plist */ = {isa = PBXFileReference; lastKnownFileType = text.plist.xml; path = Info.plist; sourceTree = "<group>"; };
		2747CE092125F17B004BA76F /* XCSmartCutCopyPasteExtension.entitlements */ = {isa = PBXFileReference; lastKnownFileType = text.plist.entitlements; path = XCSmartCutCopyPasteExtension.entitlements; sourceTree = "<group>"; };
		2747CE172125FBA6004BA76F /* Common.swift */ = {isa = PBXFileReference; fileEncoding = 4; lastKnownFileType = sourcecode.swift; path = Common.swift; sourceTree = "<group>"; };
		2747CE1A2125FBCB004BA76F /* StringUtil.swift */ = {isa = PBXFileReference; fileEncoding = 4; lastKnownFileType = sourcecode.swift; path = StringUtil.swift; sourceTree = "<group>"; };
		2747CE1D2125FC07004BA76F /* README.md */ = {isa = PBXFileReference; fileEncoding = 4; lastKnownFileType = net.daringfireball.markdown; path = README.md; sourceTree = "<group>"; };
		2747CE3A21260EB8004BA76F /* XCSmartCutCopyPaste.kmmacros */ = {isa = PBXFileReference; fileEncoding = 4; lastKnownFileType = text.xml; path = XCSmartCutCopyPaste.kmmacros; sourceTree = "<group>"; };
		27617983212B9D1700E1354E /* GreenCheckmark.png */ = {isa = PBXFileReference; lastKnownFileType = image.png; path = GreenCheckmark.png; sourceTree = "<group>"; };
/* End PBXFileReference section */

/* Begin PBXFrameworksBuildPhase section */
		2747CDE72125F007004BA76F /* Frameworks */ = {
			isa = PBXFrameworksBuildPhase;
			buildActionMask = 2147483647;
			files = (
			);
			runOnlyForDeploymentPostprocessing = 0;
		};
		2747CDFC2125F17B004BA76F /* Frameworks */ = {
			isa = PBXFrameworksBuildPhase;
			buildActionMask = 2147483647;
			files = (
				2747CE022125F17B004BA76F /* Cocoa.framework in Frameworks */,
			);
			runOnlyForDeploymentPostprocessing = 0;
		};
/* End PBXFrameworksBuildPhase section */

/* Begin PBXGroup section */
		2747CDE12125F007004BA76F = {
			isa = PBXGroup;
			children = (
				2747CE1D2125FC07004BA76F /* README.md */,
				2747CE3A21260EB8004BA76F /* XCSmartCutCopyPaste.kmmacros */,
				2747CDEC2125F007004BA76F /* XCSmartCutCopyPaste */,
				2747CE032125F17B004BA76F /* XCSmartCutCopyPasteExtension */,
				2747CE002125F17B004BA76F /* Frameworks */,
				2747CDEB2125F007004BA76F /* Products */,
			);
			sourceTree = "<group>";
		};
		2747CDEB2125F007004BA76F /* Products */ = {
			isa = PBXGroup;
			children = (
				2747CDEA2125F007004BA76F /* XCSmartCutCopyPaste.app */,
				2747CDFF2125F17B004BA76F /* XCSmartCutCopyPasteExtension.appex */,
			);
			name = Products;
			sourceTree = "<group>";
		};
		2747CDEC2125F007004BA76F /* XCSmartCutCopyPaste */ = {
			isa = PBXGroup;
			children = (
				2747CDED2125F007004BA76F /* AppDelegate.swift */,
				2747CDEF2125F009004BA76F /* Assets.xcassets */,
				2747CDF12125F009004BA76F /* MainMenu.xib */,
				2747CDF42125F009004BA76F /* Info.plist */,
				2747CDF52125F009004BA76F /* XCSmartCutCopyPaste.entitlements */,
			);
			path = XCSmartCutCopyPaste;
			sourceTree = "<group>";
		};
		2747CE002125F17B004BA76F /* Frameworks */ = {
			isa = PBXGroup;
			children = (
				2747CE012125F17B004BA76F /* Cocoa.framework */,
			);
			name = Frameworks;
			sourceTree = "<group>";
		};
		2747CE032125F17B004BA76F /* XCSmartCutCopyPasteExtension */ = {
			isa = PBXGroup;
			children = (
				2747CE112125FADB004BA76F /* Supporting Files */,
				2747CE042125F17B004BA76F /* SourceEditorExtension.swift */,
				2747CE062125F17B004BA76F /* SourceEditorCommand.swift */,
				2747CE082125F17B004BA76F /* Info.plist */,
				2747CE092125F17B004BA76F /* XCSmartCutCopyPasteExtension.entitlements */,
			);
			path = XCSmartCutCopyPasteExtension;
			sourceTree = "<group>";
		};
		2747CE112125FADB004BA76F /* Supporting Files */ = {
			isa = PBXGroup;
			children = (
				27617983212B9D1700E1354E /* GreenCheckmark.png */,
				2747CE1A2125FBCB004BA76F /* StringUtil.swift */,
				2747CE172125FBA6004BA76F /* Common.swift */,
			);
			path = "Supporting Files";
			sourceTree = "<group>";
		};
/* End PBXGroup section */

/* Begin PBXNativeTarget section */
		2747CDE92125F007004BA76F /* XCSmartCutCopyPaste */ = {
			isa = PBXNativeTarget;
			buildConfigurationList = 2747CDF82125F009004BA76F /* Build configuration list for PBXNativeTarget "XCSmartCutCopyPaste" */;
			buildPhases = (
				2747CDE62125F007004BA76F /* Sources */,
				2747CDE72125F007004BA76F /* Frameworks */,
				2747CDE82125F007004BA76F /* Resources */,
				2747CE102125F17B004BA76F /* Embed App Extensions */,
			);
			buildRules = (
			);
			dependencies = (
				2747CE0B2125F17B004BA76F /* PBXTargetDependency */,
			);
			name = XCSmartCutCopyPaste;
			productName = XCSmartCutCopyPaste;
			productReference = 2747CDEA2125F007004BA76F /* XCSmartCutCopyPaste.app */;
			productType = "com.apple.product-type.application";
		};
		2747CDFE2125F17B004BA76F /* XCSmartCutCopyPasteExtension */ = {
			isa = PBXNativeTarget;
			buildConfigurationList = 2747CE0D2125F17B004BA76F /* Build configuration list for PBXNativeTarget "XCSmartCutCopyPasteExtension" */;
			buildPhases = (
				2747CDFB2125F17B004BA76F /* Sources */,
				2747CDFC2125F17B004BA76F /* Frameworks */,
				2747CDFD2125F17B004BA76F /* Resources */,
			);
			buildRules = (
			);
			dependencies = (
			);
			name = XCSmartCutCopyPasteExtension;
			productName = XCSmartCutCopyPasteExtension;
			productReference = 2747CDFF2125F17B004BA76F /* XCSmartCutCopyPasteExtension.appex */;
			productType = "com.apple.product-type.xcode-extension";
		};
/* End PBXNativeTarget section */

/* Begin PBXProject section */
		2747CDE22125F007004BA76F /* Project object */ = {
			isa = PBXProject;
			attributes = {
				LastSwiftUpdateCheck = 1000;
				LastUpgradeCheck = 1000;
				ORGANIZATIONNAME = "Mike Retondo";
				TargetAttributes = {
					2747CDE92125F007004BA76F = {
						CreatedOnToolsVersion = 10.0;
						SystemCapabilities = {
							com.apple.HardenedRuntime = {
								enabled = 1;
							};
						};
					};
					2747CDFE2125F17B004BA76F = {
						CreatedOnToolsVersion = 10.0;
					};
				};
			};
			buildConfigurationList = 2747CDE52125F007004BA76F /* Build configuration list for PBXProject "XCSmartCutCopyPaste" */;
			compatibilityVersion = "Xcode 9.3";
			developmentRegion = en;
			hasScannedForEncodings = 0;
			knownRegions = (
				en,
				Base,
			);
			mainGroup = 2747CDE12125F007004BA76F;
			productRefGroup = 2747CDEB2125F007004BA76F /* Products */;
			projectDirPath = "";
			projectRoot = "";
			targets = (
				2747CDE92125F007004BA76F /* XCSmartCutCopyPaste */,
				2747CDFE2125F17B004BA76F /* XCSmartCutCopyPasteExtension */,
			);
		};
/* End PBXProject section */

/* Begin PBXResourcesBuildPhase section */
		2747CDE82125F007004BA76F /* Resources */ = {
			isa = PBXResourcesBuildPhase;
			buildActionMask = 2147483647;
			files = (
				2747CDF02125F009004BA76F /* Assets.xcassets in Resources */,
				2747CE3B21260EB8004BA76F /* XCSmartCutCopyPaste.kmmacros in Resources */,
				2747CE1F2125FC07004BA76F /* README.md in Resources */,
				2747CDF32125F009004BA76F /* MainMenu.xib in Resources */,
			);
			runOnlyForDeploymentPostprocessing = 0;
		};
		2747CDFD2125F17B004BA76F /* Resources */ = {
			isa = PBXResourcesBuildPhase;
			buildActionMask = 2147483647;
			files = (
				27617984212B9D1700E1354E /* GreenCheckmark.png in Resources */,
			);
			runOnlyForDeploymentPostprocessing = 0;
		};
/* End PBXResourcesBuildPhase section */

/* Begin PBXSourcesBuildPhase section */
		2747CDE62125F007004BA76F /* Sources */ = {
			isa = PBXSourcesBuildPhase;
			buildActionMask = 2147483647;
			files = (
				2747CDEE2125F007004BA76F /* AppDelegate.swift in Sources */,
			);
			runOnlyForDeploymentPostprocessing = 0;
		};
		2747CDFB2125F17B004BA76F /* Sources */ = {
			isa = PBXSourcesBuildPhase;
			buildActionMask = 2147483647;
			files = (
				2747CE192125FBA6004BA76F /* Common.swift in Sources */,
				2747CE1B2125FBCB004BA76F /* StringUtil.swift in Sources */,
				2747CE052125F17B004BA76F /* SourceEditorExtension.swift in Sources */,
				2747CE072125F17B004BA76F /* SourceEditorCommand.swift in Sources */,
			);
			runOnlyForDeploymentPostprocessing = 0;
		};
/* End PBXSourcesBuildPhase section */

/* Begin PBXTargetDependency section */
		2747CE0B2125F17B004BA76F /* PBXTargetDependency */ = {
			isa = PBXTargetDependency;
			target = 2747CDFE2125F17B004BA76F /* XCSmartCutCopyPasteExtension */;
			targetProxy = 2747CE0A2125F17B004BA76F /* PBXContainerItemProxy */;
		};
/* End PBXTargetDependency section */

/* Begin PBXVariantGroup section */
		2747CDF12125F009004BA76F /* MainMenu.xib */ = {
			isa = PBXVariantGroup;
			children = (
				2747CDF22125F009004BA76F /* Base */,
			);
			name = MainMenu.xib;
			sourceTree = "<group>";
		};
/* End PBXVariantGroup section */

/* Begin XCBuildConfiguration section */
		2747CDF62125F009004BA76F /* Debug */ = {
			isa = XCBuildConfiguration;
			buildSettings = {
				ALWAYS_SEARCH_USER_PATHS = NO;
				CLANG_ANALYZER_NONNULL = YES;
				CLANG_ANALYZER_NUMBER_OBJECT_CONVERSION = YES_AGGRESSIVE;
				CLANG_CXX_LANGUAGE_STANDARD = "gnu++14";
				CLANG_CXX_LIBRARY = "libc++";
				CLANG_ENABLE_MODULES = YES;
				CLANG_ENABLE_OBJC_ARC = YES;
				CLANG_ENABLE_OBJC_WEAK = YES;
				CLANG_WARN_BLOCK_CAPTURE_AUTORELEASING = YES;
				CLANG_WARN_BOOL_CONVERSION = YES;
				CLANG_WARN_COMMA = YES;
				CLANG_WARN_CONSTANT_CONVERSION = YES;
				CLANG_WARN_DEPRECATED_OBJC_IMPLEMENTATIONS = YES;
				CLANG_WARN_DIRECT_OBJC_ISA_USAGE = YES_ERROR;
				CLANG_WARN_DOCUMENTATION_COMMENTS = YES;
				CLANG_WARN_EMPTY_BODY = YES;
				CLANG_WARN_ENUM_CONVERSION = YES;
				CLANG_WARN_INFINITE_RECURSION = YES;
				CLANG_WARN_INT_CONVERSION = YES;
				CLANG_WARN_NON_LITERAL_NULL_CONVERSION = YES;
				CLANG_WARN_OBJC_IMPLICIT_RETAIN_SELF = YES;
				CLANG_WARN_OBJC_LITERAL_CONVERSION = YES;
				CLANG_WARN_OBJC_ROOT_CLASS = YES_ERROR;
				CLANG_WARN_RANGE_LOOP_ANALYSIS = YES;
				CLANG_WARN_STRICT_PROTOTYPES = YES;
				CLANG_WARN_SUSPICIOUS_MOVE = YES;
				CLANG_WARN_UNGUARDED_AVAILABILITY = YES_AGGRESSIVE;
				CLANG_WARN_UNREACHABLE_CODE = YES;
				CLANG_WARN__DUPLICATE_METHOD_MATCH = YES;
				CODE_SIGN_IDENTITY = "Mac Developer";
				COPY_PHASE_STRIP = NO;
				DEBUG_INFORMATION_FORMAT = dwarf;
				ENABLE_STRICT_OBJC_MSGSEND = YES;
				ENABLE_TESTABILITY = YES;
				GCC_C_LANGUAGE_STANDARD = gnu11;
				GCC_DYNAMIC_NO_PIC = NO;
				GCC_NO_COMMON_BLOCKS = YES;
				GCC_OPTIMIZATION_LEVEL = 0;
				GCC_PREPROCESSOR_DEFINITIONS = (
					"DEBUG=1",
					"$(inherited)",
				);
				GCC_WARN_64_TO_32_BIT_CONVERSION = YES;
				GCC_WARN_ABOUT_RETURN_TYPE = YES_ERROR;
				GCC_WARN_UNDECLARED_SELECTOR = YES;
				GCC_WARN_UNINITIALIZED_AUTOS = YES_AGGRESSIVE;
				GCC_WARN_UNUSED_FUNCTION = YES;
				GCC_WARN_UNUSED_VARIABLE = YES;
				MACOSX_DEPLOYMENT_TARGET = 10.13;
				MTL_ENABLE_DEBUG_INFO = INCLUDE_SOURCE;
				MTL_FAST_MATH = YES;
				ONLY_ACTIVE_ARCH = YES;
				SDKROOT = macosx;
				SWIFT_ACTIVE_COMPILATION_CONDITIONS = DEBUG;
				SWIFT_OPTIMIZATION_LEVEL = "-Onone";
			};
			name = Debug;
		};
		2747CDF72125F009004BA76F /* Release */ = {
			isa = XCBuildConfiguration;
			buildSettings = {
				ALWAYS_SEARCH_USER_PATHS = NO;
				CLANG_ANALYZER_NONNULL = YES;
				CLANG_ANALYZER_NUMBER_OBJECT_CONVERSION = YES_AGGRESSIVE;
				CLANG_CXX_LANGUAGE_STANDARD = "gnu++14";
				CLANG_CXX_LIBRARY = "libc++";
				CLANG_ENABLE_MODULES = YES;
				CLANG_ENABLE_OBJC_ARC = YES;
				CLANG_ENABLE_OBJC_WEAK = YES;
				CLANG_WARN_BLOCK_CAPTURE_AUTORELEASING = YES;
				CLANG_WARN_BOOL_CONVERSION = YES;
				CLANG_WARN_COMMA = YES;
				CLANG_WARN_CONSTANT_CONVERSION = YES;
				CLANG_WARN_DEPRECATED_OBJC_IMPLEMENTATIONS = YES;
				CLANG_WARN_DIRECT_OBJC_ISA_USAGE = YES_ERROR;
				CLANG_WARN_DOCUMENTATION_COMMENTS = YES;
				CLANG_WARN_EMPTY_BODY = YES;
				CLANG_WARN_ENUM_CONVERSION = YES;
				CLANG_WARN_INFINITE_RECURSION = YES;
				CLANG_WARN_INT_CONVERSION = YES;
				CLANG_WARN_NON_LITERAL_NULL_CONVERSION = YES;
				CLANG_WARN_OBJC_IMPLICIT_RETAIN_SELF = YES;
				CLANG_WARN_OBJC_LITERAL_CONVERSION = YES;
				CLANG_WARN_OBJC_ROOT_CLASS = YES_ERROR;
				CLANG_WARN_RANGE_LOOP_ANALYSIS = YES;
				CLANG_WARN_STRICT_PROTOTYPES = YES;
				CLANG_WARN_SUSPICIOUS_MOVE = YES;
				CLANG_WARN_UNGUARDED_AVAILABILITY = YES_AGGRESSIVE;
				CLANG_WARN_UNREACHABLE_CODE = YES;
				CLANG_WARN__DUPLICATE_METHOD_MATCH = YES;
				CODE_SIGN_IDENTITY = "Mac Developer";
				COPY_PHASE_STRIP = NO;
				DEBUG_INFORMATION_FORMAT = "dwarf-with-dsym";
				ENABLE_NS_ASSERTIONS = NO;
				ENABLE_STRICT_OBJC_MSGSEND = YES;
				GCC_C_LANGUAGE_STANDARD = gnu11;
				GCC_NO_COMMON_BLOCKS = YES;
				GCC_WARN_64_TO_32_BIT_CONVERSION = YES;
				GCC_WARN_ABOUT_RETURN_TYPE = YES_ERROR;
				GCC_WARN_UNDECLARED_SELECTOR = YES;
				GCC_WARN_UNINITIALIZED_AUTOS = YES_AGGRESSIVE;
				GCC_WARN_UNUSED_FUNCTION = YES;
				GCC_WARN_UNUSED_VARIABLE = YES;
				MACOSX_DEPLOYMENT_TARGET = 10.13;
				MTL_ENABLE_DEBUG_INFO = NO;
				MTL_FAST_MATH = YES;
				SDKROOT = macosx;
				SWIFT_COMPILATION_MODE = wholemodule;
				SWIFT_OPTIMIZATION_LEVEL = "-O";
			};
			name = Release;
		};
		2747CDF92125F009004BA76F /* Debug */ = {
			isa = XCBuildConfiguration;
			buildSettings = {
				ALWAYS_EMBED_SWIFT_STANDARD_LIBRARIES = YES;
				ASSETCATALOG_COMPILER_APPICON_NAME = AppIcon;
				CODE_SIGN_ENTITLEMENTS = XCSmartCutCopyPaste/XCSmartCutCopyPaste.entitlements;
				CODE_SIGN_STYLE = Automatic;
				COMBINE_HIDPI_IMAGES = YES;
				DEVELOPMENT_TEAM = 58ZACZB2L8;
				ENABLE_HARDENED_RUNTIME = YES;
				INFOPLIST_FILE = XCSmartCutCopyPaste/Info.plist;
				LD_RUNPATH_SEARCH_PATHS = (
					"$(inherited)",
					"@executable_path/../Frameworks",
				);
				PRODUCT_BUNDLE_IDENTIFIER = com.mretondo.XCSmartCutCopyPaste;
				PRODUCT_NAME = "$(TARGET_NAME)";
				SWIFT_VERSION = 4.2;
			};
			name = Debug;
		};
		2747CDFA2125F009004BA76F /* Release */ = {
			isa = XCBuildConfiguration;
			buildSettings = {
				ALWAYS_EMBED_SWIFT_STANDARD_LIBRARIES = YES;
				ASSETCATALOG_COMPILER_APPICON_NAME = AppIcon;
				CODE_SIGN_ENTITLEMENTS = XCSmartCutCopyPaste/XCSmartCutCopyPaste.entitlements;
				CODE_SIGN_STYLE = Automatic;
				COMBINE_HIDPI_IMAGES = YES;
				DEVELOPMENT_TEAM = 58ZACZB2L8;
				ENABLE_HARDENED_RUNTIME = YES;
				INFOPLIST_FILE = XCSmartCutCopyPaste/Info.plist;
				LD_RUNPATH_SEARCH_PATHS = (
					"$(inherited)",
					"@executable_path/../Frameworks",
				);
				PRODUCT_BUNDLE_IDENTIFIER = com.mretondo.XCSmartCutCopyPaste;
				PRODUCT_NAME = "$(TARGET_NAME)";
				SWIFT_VERSION = 4.2;
			};
			name = Release;
		};
		2747CE0E2125F17B004BA76F /* Debug */ = {
			isa = XCBuildConfiguration;
			buildSettings = {
				CODE_SIGN_ENTITLEMENTS = XCSmartCutCopyPasteExtension/XCSmartCutCopyPasteExtension.entitlements;
				CODE_SIGN_STYLE = Automatic;
				COMBINE_HIDPI_IMAGES = YES;
				DEVELOPMENT_TEAM = 58ZACZB2L8;
				INFOPLIST_FILE = XCSmartCutCopyPasteExtension/Info.plist;
				LD_RUNPATH_SEARCH_PATHS = (
					"$(inherited)",
					"@executable_path/../Frameworks",
					"@executable_path/../../../../Frameworks",
				);
				MACOSX_DEPLOYMENT_TARGET = 10.12;
				PRODUCT_BUNDLE_IDENTIFIER = com.mretondo.XCSmartCutCopyPaste.XCSmartCutCopyPasteExtension;
				PRODUCT_NAME = "$(TARGET_NAME)";
				SKIP_INSTALL = YES;
				SWIFT_VERSION = 4.2;
			};
			name = Debug;
		};
		2747CE0F2125F17B004BA76F /* Release */ = {
			isa = XCBuildConfiguration;
			buildSettings = {
				CODE_SIGN_ENTITLEMENTS = XCSmartCutCopyPasteExtension/XCSmartCutCopyPasteExtension.entitlements;
				CODE_SIGN_STYLE = Automatic;
				COMBINE_HIDPI_IMAGES = YES;
				DEVELOPMENT_TEAM = 58ZACZB2L8;
				INFOPLIST_FILE = XCSmartCutCopyPasteExtension/Info.plist;
				LD_RUNPATH_SEARCH_PATHS = (
					"$(inherited)",
					"@executable_path/../Frameworks",
					"@executable_path/../../../../Frameworks",
				);
				MACOSX_DEPLOYMENT_TARGET = 10.12;
				PRODUCT_BUNDLE_IDENTIFIER = com.mretondo.XCSmartCutCopyPaste.XCSmartCutCopyPasteExtension;
				PRODUCT_NAME = "$(TARGET_NAME)";
				SKIP_INSTALL = YES;
				SWIFT_VERSION = 4.2;
			};
			name = Release;
		};
/* End XCBuildConfiguration section */

/* Begin XCConfigurationList section */
		2747CDE52125F007004BA76F /* Build configuration list for PBXProject "XCSmartCutCopyPaste" */ = {
			isa = XCConfigurationList;
			buildConfigurations = (
				2747CDF62125F009004BA76F /* Debug */,
				2747CDF72125F009004BA76F /* Release */,
			);
			defaultConfigurationIsVisible = 0;
			defaultConfigurationName = Release;
		};
		2747CDF82125F009004BA76F /* Build configuration list for PBXNativeTarget "XCSmartCutCopyPaste" */ = {
			isa = XCConfigurationList;
			buildConfigurations = (
				2747CDF92125F009004BA76F /* Debug */,
				2747CDFA2125F009004BA76F /* Release */,
			);
			defaultConfigurationIsVisible = 0;
			defaultConfigurationName = Release;
		};
		2747CE0D2125F17B004BA76F /* Build configuration list for PBXNativeTarget "XCSmartCutCopyPasteExtension" */ = {
			isa = XCConfigurationList;
			buildConfigurations = (
				2747CE0E2125F17B004BA76F /* Debug */,
				2747CE0F2125F17B004BA76F /* Release */,
			);
			defaultConfigurationIsVisible = 0;
			defaultConfigurationName = Release;
		};
/* End XCConfigurationList section */
	};
	rootObject = 2747CDE22125F007004BA76F /* Project object */;
}
