// !$*UTF8*$!
{
	archiveVersion = 1;
	classes = {
	};
	objectVersion = 51;
	objects = {

/* Begin PBXBuildFile section */
		2710164A213394F70071804C /* AppDelegate.swift in Sources */ = {isa = PBXBuildFile; fileRef = 27101649213394F70071804C /* AppDelegate.swift */; };
		2710164C213394F70071804C /* ViewController.swift in Sources */ = {isa = PBXBuildFile; fileRef = 2710164B213394F70071804C /* ViewController.swift */; };
		27101660213395230071804C /* Cocoa.framework in Frameworks */ = {isa = PBXBuildFile; fileRef = 2710165F213395230071804C /* Cocoa.framework */; };
		27101663213395230071804C /* SourceEditorExtension.swift in Sources */ = {isa = PBXBuildFile; fileRef = 27101662213395230071804C /* SourceEditorExtension.swift */; };
		27101665213395230071804C /* SourceEditorCommand.swift in Sources */ = {isa = PBXBuildFile; fileRef = 27101664213395230071804C /* SourceEditorCommand.swift */; };
		2710166A213395230071804C /* XCSmartCutCopyPasteExtension.appex in Embed App Extensions */ = {isa = PBXBuildFile; fileRef = 2710165D213395230071804C /* XCSmartCutCopyPasteExtension.appex */; settings = {ATTRIBUTES = (RemoveHeadersOnCopy, ); }; };
		27101673213398480071804C /* Common.swift in Sources */ = {isa = PBXBuildFile; fileRef = 27101670213398480071804C /* Common.swift */; };
		27101675213398480071804C /* StringUtil.swift in Sources */ = {isa = PBXBuildFile; fileRef = 27101672213398480071804C /* StringUtil.swift */; };
		272B09E52138E36A00B7B569 /* Main.storyboard in Resources */ = {isa = PBXBuildFile; fileRef = 272B09E32138E36A00B7B569 /* Main.storyboard */; };
		2773B5202134C82C006CE9AB /* Assets.xcassets in Resources */ = {isa = PBXBuildFile; fileRef = 2773B51F2134C82C006CE9AB /* Assets.xcassets */; };
/* End PBXBuildFile section */

/* Begin PBXContainerItemProxy section */
		27101668213395230071804C /* PBXContainerItemProxy */ = {
			isa = PBXContainerItemProxy;
			containerPortal = 2710163E213394F70071804C /* Project object */;
			proxyType = 1;
			remoteGlobalIDString = 2710165C213395230071804C;
			remoteInfo = XCSmartCutCopyPasteExtension;
		};
/* End PBXContainerItemProxy section */

/* Begin PBXCopyFilesBuildPhase section */
		2710166E213395230071804C /* Embed App Extensions */ = {
			isa = PBXCopyFilesBuildPhase;
			buildActionMask = 2147483647;
			dstPath = "";
			dstSubfolderSpec = 13;
			files = (
				2710166A213395230071804C /* XCSmartCutCopyPasteExtension.appex in Embed App Extensions */,
			);
			name = "Embed App Extensions";
			runOnlyForDeploymentPostprocessing = 0;
		};
/* End PBXCopyFilesBuildPhase section */

/* Begin PBXFileReference section */
		27101646213394F70071804C /* XCSmartCutCopyPaste.app */ = {isa = PBXFileReference; explicitFileType = wrapper.application; includeInIndex = 0; path = XCSmartCutCopyPaste.app; sourceTree = BUILT_PRODUCTS_DIR; };
		27101649213394F70071804C /* AppDelegate.swift */ = {isa = PBXFileReference; lastKnownFileType = sourcecode.swift; path = AppDelegate.swift; sourceTree = "<group>"; };
		2710164B213394F70071804C /* ViewController.swift */ = {isa = PBXFileReference; lastKnownFileType = sourcecode.swift; path = ViewController.swift; sourceTree = "<group>"; };
		27101652213394F80071804C /* Info.plist */ = {isa = PBXFileReference; lastKnownFileType = text.plist.xml; path = Info.plist; sourceTree = "<group>"; };
		27101653213394F80071804C /* XCSmartCutCopyPaste.entitlements */ = {isa = PBXFileReference; lastKnownFileType = text.plist.entitlements; path = XCSmartCutCopyPaste.entitlements; sourceTree = "<group>"; };
		2710165D213395230071804C /* XCSmartCutCopyPasteExtension.appex */ = {isa = PBXFileReference; explicitFileType = "wrapper.app-extension"; includeInIndex = 0; path = XCSmartCutCopyPasteExtension.appex; sourceTree = BUILT_PRODUCTS_DIR; };
		2710165F213395230071804C /* Cocoa.framework */ = {isa = PBXFileReference; lastKnownFileType = wrapper.framework; name = Cocoa.framework; path = System/Library/Frameworks/Cocoa.framework; sourceTree = SDKROOT; };
		27101662213395230071804C /* SourceEditorExtension.swift */ = {isa = PBXFileReference; lastKnownFileType = sourcecode.swift; path = SourceEditorExtension.swift; sourceTree = "<group>"; };
		27101664213395230071804C /* SourceEditorCommand.swift */ = {isa = PBXFileReference; lastKnownFileType = sourcecode.swift; path = SourceEditorCommand.swift; sourceTree = "<group>"; };
		27101666213395230071804C /* Info.plist */ = {isa = PBXFileReference; lastKnownFileType = text.plist.xml; path = Info.plist; sourceTree = "<group>"; };
		27101667213395230071804C /* XCSmartCutCopyPasteExtension.entitlements */ = {isa = PBXFileReference; lastKnownFileType = text.plist.entitlements; path = XCSmartCutCopyPasteExtension.entitlements; sourceTree = "<group>"; };
		27101670213398480071804C /* Common.swift */ = {isa = PBXFileReference; fileEncoding = 4; lastKnownFileType = sourcecode.swift; path = Common.swift; sourceTree = "<group>"; };
		27101672213398480071804C /* StringUtil.swift */ = {isa = PBXFileReference; fileEncoding = 4; lastKnownFileType = sourcecode.swift; path = StringUtil.swift; sourceTree = "<group>"; };
		272B09E42138E36A00B7B569 /* Base */ = {isa = PBXFileReference; lastKnownFileType = file.storyboard; name = Base; path = Main.storyboard; sourceTree = "<group>"; };
		2773B51F2134C82C006CE9AB /* Assets.xcassets */ = {isa = PBXFileReference; lastKnownFileType = folder.assetcatalog; path = Assets.xcassets; sourceTree = "<group>"; };
/* End PBXFileReference section */

/* Begin PBXFrameworksBuildPhase section */
		27101643213394F70071804C /* Frameworks */ = {
			isa = PBXFrameworksBuildPhase;
			buildActionMask = 2147483647;
			files = (
			);
			runOnlyForDeploymentPostprocessing = 0;
		};
		2710165A213395230071804C /* Frameworks */ = {
			isa = PBXFrameworksBuildPhase;
			buildActionMask = 2147483647;
			files = (
				27101660213395230071804C /* Cocoa.framework in Frameworks */,
			);
			runOnlyForDeploymentPostprocessing = 0;
		};
/* End PBXFrameworksBuildPhase section */

/* Begin PBXGroup section */
		2710163D213394F70071804C = {
			isa = PBXGroup;
			children = (
				27101648213394F70071804C /* XCSmartCutCopyPaste */,
				27101661213395230071804C /* XCSmartCutCopyPasteExtension */,
				2710165E213395230071804C /* Frameworks */,
				27101647213394F70071804C /* Products */,
			);
			sourceTree = "<group>";
		};
		27101647213394F70071804C /* Products */ = {
			isa = PBXGroup;
			children = (
				27101646213394F70071804C /* XCSmartCutCopyPaste.app */,
				2710165D213395230071804C /* XCSmartCutCopyPasteExtension.appex */,
			);
			name = Products;
			sourceTree = "<group>";
		};
		27101648213394F70071804C /* XCSmartCutCopyPaste */ = {
			isa = PBXGroup;
			children = (
				272B09E22138E36A00B7B569 /* Base.lproj */,
				27101649213394F70071804C /* AppDelegate.swift */,
				2710164B213394F70071804C /* ViewController.swift */,
				2773B51F2134C82C006CE9AB /* Assets.xcassets */,
				27101652213394F80071804C /* Info.plist */,
				27101653213394F80071804C /* XCSmartCutCopyPaste.entitlements */,
			);
			path = XCSmartCutCopyPaste;
			sourceTree = "<group>";
		};
		2710165E213395230071804C /* Frameworks */ = {
			isa = PBXGroup;
			children = (
				2710165F213395230071804C /* Cocoa.framework */,
			);
			name = Frameworks;
			sourceTree = "<group>";
		};
		27101661213395230071804C /* XCSmartCutCopyPasteExtension */ = {
			isa = PBXGroup;
			children = (
				2710166F213398480071804C /* Supporting Files */,
				27101662213395230071804C /* SourceEditorExtension.swift */,
				27101664213395230071804C /* SourceEditorCommand.swift */,
				27101666213395230071804C /* Info.plist */,
				27101667213395230071804C /* XCSmartCutCopyPasteExtension.entitlements */,
			);
			path = XCSmartCutCopyPasteExtension;
			sourceTree = "<group>";
		};
		2710166F213398480071804C /* Supporting Files */ = {
			isa = PBXGroup;
			children = (
				27101670213398480071804C /* Common.swift */,
				27101672213398480071804C /* StringUtil.swift */,
			);
			path = "Supporting Files";
			sourceTree = "<group>";
		};
		272B09E22138E36A00B7B569 /* Base.lproj */ = {
			isa = PBXGroup;
			children = (
				272B09E32138E36A00B7B569 /* Main.storyboard */,
			);
			path = Base.lproj;
			sourceTree = "<group>";
		};
/* End PBXGroup section */

/* Begin PBXNativeTarget section */
		27101645213394F70071804C /* XCSmartCutCopyPaste */ = {
			isa = PBXNativeTarget;
			buildConfigurationList = 27101656213394F80071804C /* Build configuration list for PBXNativeTarget "XCSmartCutCopyPaste" */;
			buildPhases = (
				27101642213394F70071804C /* Sources */,
				27101643213394F70071804C /* Frameworks */,
				27101644213394F70071804C /* Resources */,
				2710166E213395230071804C /* Embed App Extensions */,
			);
			buildRules = (
			);
			dependencies = (
				27101669213395230071804C /* PBXTargetDependency */,
			);
			name = XCSmartCutCopyPaste;
			productName = XCSmartCutCopyPaste;
			productReference = 27101646213394F70071804C /* XCSmartCutCopyPaste.app */;
			productType = "com.apple.product-type.application";
		};
		2710165C213395230071804C /* XCSmartCutCopyPasteExtension */ = {
			isa = PBXNativeTarget;
			buildConfigurationList = 2710166B213395230071804C /* Build configuration list for PBXNativeTarget "XCSmartCutCopyPasteExtension" */;
			buildPhases = (
				27101659213395230071804C /* Sources */,
				2710165A213395230071804C /* Frameworks */,
				2710165B213395230071804C /* Resources */,
			);
			buildRules = (
			);
			dependencies = (
			);
			name = XCSmartCutCopyPasteExtension;
			productName = XCSmartCutCopyPasteExtension;
			productReference = 2710165D213395230071804C /* XCSmartCutCopyPasteExtension.appex */;
			productType = "com.apple.product-type.xcode-extension";
		};
/* End PBXNativeTarget section */

/* Begin PBXProject section */
		2710163E213394F70071804C /* Project object */ = {
			isa = PBXProject;
			attributes = {
				LastSwiftUpdateCheck = 0940;
				LastUpgradeCheck = 1100;
				ORGANIZATIONNAME = "Mike Retondo";
				TargetAttributes = {
					27101645213394F70071804C = {
						CreatedOnToolsVersion = 9.4.1;
						LastSwiftMigration = 1100;
					};
					2710165C213395230071804C = {
						CreatedOnToolsVersion = 9.4.1;
						LastSwiftMigration = 1100;
					};
				};
			};
			buildConfigurationList = 27101641213394F70071804C /* Build configuration list for PBXProject "XCSmartCutCopyPaste" */;
			compatibilityVersion = "Xcode 10.0";
			developmentRegion = en;
			hasScannedForEncodings = 0;
			knownRegions = (
				en,
				Base,
			);
			mainGroup = 2710163D213394F70071804C;
			productRefGroup = 27101647213394F70071804C /* Products */;
			projectDirPath = "";
			projectRoot = "";
			targets = (
				27101645213394F70071804C /* XCSmartCutCopyPaste */,
				2710165C213395230071804C /* XCSmartCutCopyPasteExtension */,
			);
		};
/* End PBXProject section */

/* Begin PBXResourcesBuildPhase section */
		27101644213394F70071804C /* Resources */ = {
			isa = PBXResourcesBuildPhase;
			buildActionMask = 2147483647;
			files = (
				272B09E52138E36A00B7B569 /* Main.storyboard in Resources */,
				2773B5202134C82C006CE9AB /* Assets.xcassets in Resources */,
			);
			runOnlyForDeploymentPostprocessing = 0;
		};
		2710165B213395230071804C /* Resources */ = {
			isa = PBXResourcesBuildPhase;
			buildActionMask = 2147483647;
			files = (
			);
			runOnlyForDeploymentPostprocessing = 0;
		};
/* End PBXResourcesBuildPhase section */

/* Begin PBXSourcesBuildPhase section */
		27101642213394F70071804C /* Sources */ = {
			isa = PBXSourcesBuildPhase;
			buildActionMask = 2147483647;
			files = (
				2710164C213394F70071804C /* ViewController.swift in Sources */,
				2710164A213394F70071804C /* AppDelegate.swift in Sources */,
			);
			runOnlyForDeploymentPostprocessing = 0;
		};
		27101659213395230071804C /* Sources */ = {
			isa = PBXSourcesBuildPhase;
			buildActionMask = 2147483647;
			files = (
				27101675213398480071804C /* StringUtil.swift in Sources */,
				27101663213395230071804C /* SourceEditorExtension.swift in Sources */,
				27101673213398480071804C /* Common.swift in Sources */,
				27101665213395230071804C /* SourceEditorCommand.swift in Sources */,
			);
			runOnlyForDeploymentPostprocessing = 0;
		};
/* End PBXSourcesBuildPhase section */

/* Begin PBXTargetDependency section */
		27101669213395230071804C /* PBXTargetDependency */ = {
			isa = PBXTargetDependency;
			target = 2710165C213395230071804C /* XCSmartCutCopyPasteExtension */;
			targetProxy = 27101668213395230071804C /* PBXContainerItemProxy */;
		};
/* End PBXTargetDependency section */

/* Begin PBXVariantGroup section */
		272B09E32138E36A00B7B569 /* Main.storyboard */ = {
			isa = PBXVariantGroup;
			children = (
				272B09E42138E36A00B7B569 /* Base */,
			);
			name = Main.storyboard;
			sourceTree = "<group>";
		};
/* End PBXVariantGroup section */

/* Begin XCBuildConfiguration section */
		27101654213394F80071804C /* Debug */ = {
			isa = XCBuildConfiguration;
			buildSettings = {
				ALWAYS_SEARCH_USER_PATHS = NO;
				CLANG_ANALYZER_NONNULL = YES;
				CLANG_ANALYZER_NUMBER_OBJECT_CONVERSION = YES_AGGRESSIVE;
				CLANG_CXX_LANGUAGE_STANDARD = "gnu++14";
				CLANG_CXX_LIBRARY = "libc++";
				CLANG_ENABLE_MODULES = YES;
				CLANG_ENABLE_OBJC_ARC = YES;
				CLANG_ENABLE_OBJC_WEAK = YES;
				CLANG_WARN_BLOCK_CAPTURE_AUTORELEASING = YES;
				CLANG_WARN_BOOL_CONVERSION = YES;
				CLANG_WARN_COMMA = YES;
				CLANG_WARN_CONSTANT_CONVERSION = YES;
				CLANG_WARN_DEPRECATED_OBJC_IMPLEMENTATIONS = YES;
				CLANG_WARN_DIRECT_OBJC_ISA_USAGE = YES_ERROR;
				CLANG_WARN_DOCUMENTATION_COMMENTS = YES;
				CLANG_WARN_EMPTY_BODY = YES;
				CLANG_WARN_ENUM_CONVERSION = YES;
				CLANG_WARN_INFINITE_RECURSION = YES;
				CLANG_WARN_INT_CONVERSION = YES;
				CLANG_WARN_NON_LITERAL_NULL_CONVERSION = YES;
				CLANG_WARN_OBJC_IMPLICIT_RETAIN_SELF = YES;
				CLANG_WARN_OBJC_LITERAL_CONVERSION = YES;
				CLANG_WARN_OBJC_ROOT_CLASS = YES_ERROR;
				CLANG_WARN_RANGE_LOOP_ANALYSIS = YES;
				CLANG_WARN_STRICT_PROTOTYPES = YES;
				CLANG_WARN_SUSPICIOUS_MOVE = YES;
				CLANG_WARN_UNGUARDED_AVAILABILITY = YES_AGGRESSIVE;
				CLANG_WARN_UNREACHABLE_CODE = YES;
				CLANG_WARN__DUPLICATE_METHOD_MATCH = YES;
				CODE_SIGN_IDENTITY = "Mac Developer";
				COPY_PHASE_STRIP = NO;
				DEBUG_INFORMATION_FORMAT = dwarf;
				ENABLE_STRICT_OBJC_MSGSEND = YES;
				ENABLE_TESTABILITY = YES;
				GCC_C_LANGUAGE_STANDARD = gnu11;
				GCC_DYNAMIC_NO_PIC = NO;
				GCC_NO_COMMON_BLOCKS = YES;
				GCC_OPTIMIZATION_LEVEL = 0;
				GCC_PREPROCESSOR_DEFINITIONS = (
					"DEBUG=1",
					"$(inherited)",
				);
				GCC_WARN_64_TO_32_BIT_CONVERSION = YES;
				GCC_WARN_ABOUT_RETURN_TYPE = YES_ERROR;
				GCC_WARN_UNDECLARED_SELECTOR = YES;
				GCC_WARN_UNINITIALIZED_AUTOS = YES_AGGRESSIVE;
				GCC_WARN_UNUSED_FUNCTION = YES;
				GCC_WARN_UNUSED_VARIABLE = YES;
				MACOSX_DEPLOYMENT_TARGET = 10.15;
				MTL_ENABLE_DEBUG_INFO = YES;
				ONLY_ACTIVE_ARCH = YES;
				SDKROOT = macosx;
				SWIFT_ACTIVE_COMPILATION_CONDITIONS = DEBUG;
				SWIFT_OPTIMIZATION_LEVEL = "-Onone";
				SWIFT_VERSION = 5.0;
			};
			name = Debug;
		};
		27101655213394F80071804C /* Release */ = {
			isa = XCBuildConfiguration;
			buildSettings = {
				ALWAYS_SEARCH_USER_PATHS = NO;
				CLANG_ANALYZER_NONNULL = YES;
				CLANG_ANALYZER_NUMBER_OBJECT_CONVERSION = YES_AGGRESSIVE;
				CLANG_CXX_LANGUAGE_STANDARD = "gnu++14";
				CLANG_CXX_LIBRARY = "libc++";
				CLANG_ENABLE_MODULES = YES;
				CLANG_ENABLE_OBJC_ARC = YES;
				CLANG_ENABLE_OBJC_WEAK = YES;
				CLANG_WARN_BLOCK_CAPTURE_AUTORELEASING = YES;
				CLANG_WARN_BOOL_CONVERSION = YES;
				CLANG_WARN_COMMA = YES;
				CLANG_WARN_CONSTANT_CONVERSION = YES;
				CLANG_WARN_DEPRECATED_OBJC_IMPLEMENTATIONS = YES;
				CLANG_WARN_DIRECT_OBJC_ISA_USAGE = YES_ERROR;
				CLANG_WARN_DOCUMENTATION_COMMENTS = YES;
				CLANG_WARN_EMPTY_BODY = YES;
				CLANG_WARN_ENUM_CONVERSION = YES;
				CLANG_WARN_INFINITE_RECURSION = YES;
				CLANG_WARN_INT_CONVERSION = YES;
				CLANG_WARN_NON_LITERAL_NULL_CONVERSION = YES;
				CLANG_WARN_OBJC_IMPLICIT_RETAIN_SELF = YES;
				CLANG_WARN_OBJC_LITERAL_CONVERSION = YES;
				CLANG_WARN_OBJC_ROOT_CLASS = YES_ERROR;
				CLANG_WARN_RANGE_LOOP_ANALYSIS = YES;
				CLANG_WARN_STRICT_PROTOTYPES = YES;
				CLANG_WARN_SUSPICIOUS_MOVE = YES;
				CLANG_WARN_UNGUARDED_AVAILABILITY = YES_AGGRESSIVE;
				CLANG_WARN_UNREACHABLE_CODE = YES;
				CLANG_WARN__DUPLICATE_METHOD_MATCH = YES;
				CODE_SIGN_IDENTITY = "Mac Developer";
				COPY_PHASE_STRIP = NO;
				DEBUG_INFORMATION_FORMAT = "dwarf-with-dsym";
				ENABLE_NS_ASSERTIONS = NO;
				ENABLE_STRICT_OBJC_MSGSEND = YES;
				GCC_C_LANGUAGE_STANDARD = gnu11;
				GCC_NO_COMMON_BLOCKS = YES;
				GCC_WARN_64_TO_32_BIT_CONVERSION = YES;
				GCC_WARN_ABOUT_RETURN_TYPE = YES_ERROR;
				GCC_WARN_UNDECLARED_SELECTOR = YES;
				GCC_WARN_UNINITIALIZED_AUTOS = YES_AGGRESSIVE;
				GCC_WARN_UNUSED_FUNCTION = YES;
				GCC_WARN_UNUSED_VARIABLE = YES;
				MACOSX_DEPLOYMENT_TARGET = 10.15;
				MTL_ENABLE_DEBUG_INFO = NO;
				SDKROOT = macosx;
				SWIFT_COMPILATION_MODE = wholemodule;
				SWIFT_OPTIMIZATION_LEVEL = "-O";
				SWIFT_VERSION = 5.0;
			};
			name = Release;
		};
		27101657213394F80071804C /* Debug */ = {
			isa = XCBuildConfiguration;
			buildSettings = {
				ALWAYS_EMBED_SWIFT_STANDARD_LIBRARIES = YES;
				ASSETCATALOG_COMPILER_APPICON_NAME = AppIcon;
				CODE_SIGN_ENTITLEMENTS = XCSmartCutCopyPaste/XCSmartCutCopyPaste.entitlements;
				CODE_SIGN_IDENTITY = "-";
				CODE_SIGN_STYLE = Automatic;
				COMBINE_HIDPI_IMAGES = YES;
				DEVELOPMENT_TEAM = 58ZACZB2L8;
				INFOPLIST_FILE = XCSmartCutCopyPaste/Info.plist;
				LD_RUNPATH_SEARCH_PATHS = (
					"$(inherited)",
					"@executable_path/../Frameworks",
				);
				MACOSX_DEPLOYMENT_TARGET = 10.13;
				PRODUCT_BUNDLE_IDENTIFIER = com.mretondo.XCSmartCutCopyPaste;
				PRODUCT_NAME = "$(TARGET_NAME)";
				SWIFT_VERSION = 5.0;
			};
			name = Debug;
		};
		27101658213394F80071804C /* Release */ = {
			isa = XCBuildConfiguration;
			buildSettings = {
				ALWAYS_EMBED_SWIFT_STANDARD_LIBRARIES = YES;
				ASSETCATALOG_COMPILER_APPICON_NAME = AppIcon;
				CODE_SIGN_ENTITLEMENTS = XCSmartCutCopyPaste/XCSmartCutCopyPaste.entitlements;
				CODE_SIGN_IDENTITY = "-";
				CODE_SIGN_STYLE = Automatic;
				COMBINE_HIDPI_IMAGES = YES;
				DEVELOPMENT_TEAM = 58ZACZB2L8;
				INFOPLIST_FILE = XCSmartCutCopyPaste/Info.plist;
				LD_RUNPATH_SEARCH_PATHS = (
					"$(inherited)",
					"@executable_path/../Frameworks",
				);
				MACOSX_DEPLOYMENT_TARGET = 10.13;
				PRODUCT_BUNDLE_IDENTIFIER = com.mretondo.XCSmartCutCopyPaste;
				PRODUCT_NAME = "$(TARGET_NAME)";
				SWIFT_VERSION = 5.0;
			};
			name = Release;
		};
		2710166C213395230071804C /* Debug */ = {
			isa = XCBuildConfiguration;
			buildSettings = {
				CODE_SIGN_ENTITLEMENTS = XCSmartCutCopyPasteExtension/XCSmartCutCopyPasteExtension.entitlements;
				CODE_SIGN_IDENTITY = "-";
				CODE_SIGN_STYLE = Automatic;
				COMBINE_HIDPI_IMAGES = YES;
				DEVELOPMENT_TEAM = 58ZACZB2L8;
				INFOPLIST_FILE = XCSmartCutCopyPasteExtension/Info.plist;
				LD_RUNPATH_SEARCH_PATHS = (
					"$(inherited)",
					"@executable_path/../Frameworks",
					"@executable_path/../../../../Frameworks",
				);
				MACOSX_DEPLOYMENT_TARGET = 10.13;
				PRODUCT_BUNDLE_IDENTIFIER = com.mretondo.XCSmartCutCopyPaste.XCSmartCutCopyPasteExtension;
				PRODUCT_NAME = "$(TARGET_NAME)";
				SKIP_INSTALL = YES;
				SWIFT_VERSION = 5.0;
			};
			name = Debug;
		};
		2710166D213395230071804C /* Release */ = {
			isa = XCBuildConfiguration;
			buildSettings = {
				CODE_SIGN_ENTITLEMENTS = XCSmartCutCopyPasteExtension/XCSmartCutCopyPasteExtension.entitlements;
				CODE_SIGN_IDENTITY = "-";
				CODE_SIGN_STYLE = Automatic;
				COMBINE_HIDPI_IMAGES = YES;
				DEVELOPMENT_TEAM = 58ZACZB2L8;
				INFOPLIST_FILE = XCSmartCutCopyPasteExtension/Info.plist;
				LD_RUNPATH_SEARCH_PATHS = (
					"$(inherited)",
					"@executable_path/../Frameworks",
					"@executable_path/../../../../Frameworks",
				);
				MACOSX_DEPLOYMENT_TARGET = 10.13;
				PRODUCT_BUNDLE_IDENTIFIER = com.mretondo.XCSmartCutCopyPaste.XCSmartCutCopyPasteExtension;
				PRODUCT_NAME = "$(TARGET_NAME)";
				SKIP_INSTALL = YES;
				SWIFT_VERSION = 5.0;
			};
			name = Release;
		};
/* End XCBuildConfiguration section */

/* Begin XCConfigurationList section */
		27101641213394F70071804C /* Build configuration list for PBXProject "XCSmartCutCopyPaste" */ = {
			isa = XCConfigurationList;
			buildConfigurations = (
				27101654213394F80071804C /* Debug */,
				27101655213394F80071804C /* Release */,
			);
			defaultConfigurationIsVisible = 0;
			defaultConfigurationName = Release;
		};
		27101656213394F80071804C /* Build configuration list for PBXNativeTarget "XCSmartCutCopyPaste" */ = {
			isa = XCConfigurationList;
			buildConfigurations = (
				27101657213394F80071804C /* Debug */,
				27101658213394F80071804C /* Release */,
			);
			defaultConfigurationIsVisible = 0;
			defaultConfigurationName = Release;
		};
		2710166B213395230071804C /* Build configuration list for PBXNativeTarget "XCSmartCutCopyPasteExtension" */ = {
			isa = XCConfigurationList;
			buildConfigurations = (
				2710166C213395230071804C /* Debug */,
				2710166D213395230071804C /* Release */,
			);
			defaultConfigurationIsVisible = 0;
			defaultConfigurationName = Release;
		};
/* End XCConfigurationList section */
	};
	rootObject = 2710163E213394F70071804C /* Project object */;
}
